
Microsoft Visual Studio Solution File, Format Version 12.00
# Visual Studio 2012
Project("{FAE04EC0-301F-11D3-BF4B-00C04F79EFBC}") = "TreeView_MonoDroid", "TreeView_MonoDroid\TreeView_MonoDroid.csproj", "{28BA961E-FD66-4B92-8D57-95A0D2D7D627}"
EndProject
Global
	GlobalSection(SolutionConfigurationPlatforms) = preSolution
		Debug|Any CPU = Debug|Any CPU
		Release|Any CPU = Release|Any CPU
	EndGlobalSection
	GlobalSection(ProjectConfigurationPlatforms) = postSolution
		{28BA961E-FD66-4B92-8D57-95A0D2D7D627}.Debug|Any CPU.ActiveCfg = Debug|Any CPU
		{28BA961E-FD66-4B92-8D57-95A0D2D7D627}.Debug|Any CPU.Build.0 = Debug|Any CPU
		{28BA961E-FD66-4B92-8D57-95A0D2D7D627}.Release|Any CPU.ActiveCfg = Release|Any CPU
		{28BA961E-FD66-4B92-8D57-95A0D2D7D627}.Release|Any CPU.Build.0 = Release|Any CPU
	EndGlobalSection
	GlobalSection(MonoDevelopProperties) = preSolution
		StartupItem = TreeView_MonoDroid\TreeView_MonoDroid.csproj
	EndGlobalSection
EndGlobal
